
Microsoft Visual Studio Solution File, Format Version 12.00
# Visual Studio 15
VisualStudioVersion = 15.0.26124.0
MinimumVisualStudioVersion = 15.0.26124.0
Project("{FAE04EC0-301F-11D3-BF4B-00C04F79EFBC}") = "Domain", "Domain\Domain.csproj", "{83D2B808-57CB-484B-8B25-1000A0C294CE}"
EndProject
Project("{FAE04EC0-301F-11D3-BF4B-00C04F79EFBC}") = "Application", "Application\Application.csproj", "{3FCB641D-ECBC-4A29-BA63-01F449D53D7C}"
EndProject
Project("{FAE04EC0-301F-11D3-BF4B-00C04F79EFBC}") = "Persistence", "Persistence\Persistence.csproj", "{040191AC-E1F3-475F-8165-DD9FB4A0AB52}"
EndProject
Project("{FAE04EC0-301F-11D3-BF4B-00C04F79EFBC}") = "API", "API\API.csproj", "{D06CA8B5-EECC-4009-B4F8-8D408E3AA625}"
EndProject
Global
	GlobalSection(SolutionConfigurationPlatforms) = preSolution
		Debug|Any CPU = Debug|Any CPU
		Debug|x64 = Debug|x64
		Debug|x86 = Debug|x86
		Release|Any CPU = Release|Any CPU
		Release|x64 = Release|x64
		Release|x86 = Release|x86
	EndGlobalSection
	GlobalSection(SolutionProperties) = preSolution
		HideSolutionNode = FALSE
	EndGlobalSection
	GlobalSection(ProjectConfigurationPlatforms) = postSolution
		{83D2B808-57CB-484B-8B25-1000A0C294CE}.Debug|Any CPU.ActiveCfg = Debug|Any CPU
		{83D2B808-57CB-484B-8B25-1000A0C294CE}.Debug|Any CPU.Build.0 = Debug|Any CPU
		{83D2B808-57CB-484B-8B25-1000A0C294CE}.Debug|x64.ActiveCfg = Debug|Any CPU
		{83D2B808-57CB-484B-8B25-1000A0C294CE}.Debug|x64.Build.0 = Debug|Any CPU
		{83D2B808-57CB-484B-8B25-1000A0C294CE}.Debug|x86.ActiveCfg = Debug|Any CPU
		{83D2B808-57CB-484B-8B25-1000A0C294CE}.Debug|x86.Build.0 = Debug|Any CPU
		{83D2B808-57CB-484B-8B25-1000A0C294CE}.Release|Any CPU.ActiveCfg = Release|Any CPU
		{83D2B808-57CB-484B-8B25-1000A0C294CE}.Release|Any CPU.Build.0 = Release|Any CPU
		{83D2B808-57CB-484B-8B25-1000A0C294CE}.Release|x64.ActiveCfg = Release|Any CPU
		{83D2B808-57CB-484B-8B25-1000A0C294CE}.Release|x64.Build.0 = Release|Any CPU
		{83D2B808-57CB-484B-8B25-1000A0C294CE}.Release|x86.ActiveCfg = Release|Any CPU
		{83D2B808-57CB-484B-8B25-1000A0C294CE}.Release|x86.Build.0 = Release|Any CPU
		{3FCB641D-ECBC-4A29-BA63-01F449D53D7C}.Debug|Any CPU.ActiveCfg = Debug|Any CPU
		{3FCB641D-ECBC-4A29-BA63-01F449D53D7C}.Debug|Any CPU.Build.0 = Debug|Any CPU
		{3FCB641D-ECBC-4A29-BA63-01F449D53D7C}.Debug|x64.ActiveCfg = Debug|Any CPU
		{3FCB641D-ECBC-4A29-BA63-01F449D53D7C}.Debug|x64.Build.0 = Debug|Any CPU
		{3FCB641D-ECBC-4A29-BA63-01F449D53D7C}.Debug|x86.ActiveCfg = Debug|Any CPU
		{3FCB641D-ECBC-4A29-BA63-01F449D53D7C}.Debug|x86.Build.0 = Debug|Any CPU
		{3FCB641D-ECBC-4A29-BA63-01F449D53D7C}.Release|Any CPU.ActiveCfg = Release|Any CPU
		{3FCB641D-ECBC-4A29-BA63-01F449D53D7C}.Release|Any CPU.Build.0 = Release|Any CPU
		{3FCB641D-ECBC-4A29-BA63-01F449D53D7C}.Release|x64.ActiveCfg = Release|Any CPU
		{3FCB641D-ECBC-4A29-BA63-01F449D53D7C}.Release|x64.Build.0 = Release|Any CPU
		{3FCB641D-ECBC-4A29-BA63-01F449D53D7C}.Release|x86.ActiveCfg = Release|Any CPU
		{3FCB641D-ECBC-4A29-BA63-01F449D53D7C}.Release|x86.Build.0 = Release|Any CPU
		{040191AC-E1F3-475F-8165-DD9FB4A0AB52}.Debug|Any CPU.ActiveCfg = Debug|Any CPU
		{040191AC-E1F3-475F-8165-DD9FB4A0AB52}.Debug|Any CPU.Build.0 = Debug|Any CPU
		{040191AC-E1F3-475F-8165-DD9FB4A0AB52}.Debug|x64.ActiveCfg = Debug|Any CPU
		{040191AC-E1F3-475F-8165-DD9FB4A0AB52}.Debug|x64.Build.0 = Debug|Any CPU
		{040191AC-E1F3-475F-8165-DD9FB4A0AB52}.Debug|x86.ActiveCfg = Debug|Any CPU
		{040191AC-E1F3-475F-8165-DD9FB4A0AB52}.Debug|x86.Build.0 = Debug|Any CPU
		{040191AC-E1F3-475F-8165-DD9FB4A0AB52}.Release|Any CPU.ActiveCfg = Release|Any CPU
		{040191AC-E1F3-475F-8165-DD9FB4A0AB52}.Release|Any CPU.Build.0 = Release|Any CPU
		{040191AC-E1F3-475F-8165-DD9FB4A0AB52}.Release|x64.ActiveCfg = Release|Any CPU
		{040191AC-E1F3-475F-8165-DD9FB4A0AB52}.Release|x64.Build.0 = Release|Any CPU
		{040191AC-E1F3-475F-8165-DD9FB4A0AB52}.Release|x86.ActiveCfg = Release|Any CPU
		{040191AC-E1F3-475F-8165-DD9FB4A0AB52}.Release|x86.Build.0 = Release|Any CPU
		{D06CA8B5-EECC-4009-B4F8-8D408E3AA625}.Debug|Any CPU.ActiveCfg = Debug|Any CPU
		{D06CA8B5-EECC-4009-B4F8-8D408E3AA625}.Debug|Any CPU.Build.0 = Debug|Any CPU
		{D06CA8B5-EECC-4009-B4F8-8D408E3AA625}.Debug|x64.ActiveCfg = Debug|Any CPU
		{D06CA8B5-EECC-4009-B4F8-8D408E3AA625}.Debug|x64.Build.0 = Debug|Any CPU
		{D06CA8B5-EECC-4009-B4F8-8D408E3AA625}.Debug|x86.ActiveCfg = Debug|Any CPU
		{D06CA8B5-EECC-4009-B4F8-8D408E3AA625}.Debug|x86.Build.0 = Debug|Any CPU
		{D06CA8B5-EECC-4009-B4F8-8D408E3AA625}.Release|Any CPU.ActiveCfg = Release|Any CPU
		{D06CA8B5-EECC-4009-B4F8-8D408E3AA625}.Release|Any CPU.Build.0 = Release|Any CPU
		{D06CA8B5-EECC-4009-B4F8-8D408E3AA625}.Release|x64.ActiveCfg = Release|Any CPU
		{D06CA8B5-EECC-4009-B4F8-8D408E3AA625}.Release|x64.Build.0 = Release|Any CPU
		{D06CA8B5-EECC-4009-B4F8-8D408E3AA625}.Release|x86.ActiveCfg = Release|Any CPU
		{D06CA8B5-EECC-4009-B4F8-8D408E3AA625}.Release|x86.Build.0 = Release|Any CPU
	EndGlobalSection
EndGlobal
